
Microsoft Visual Studio Solution File, Format Version 12.00
# Visual Studio 15
VisualStudioVersion = 15.0.28307.271
MinimumVisualStudioVersion = 10.0.40219.1
Project("{FAE04EC0-301F-11D3-BF4B-00C04F79EFBC}") = "CliPerformanceAnalyzer", "CliPerformanceAnalyzer\CliPerformanceAnalyzer.csproj", "{2616F504-21D7-4CFB-8A14-84C5E2352272}"
	ProjectSection(ProjectDependencies) = postProject
		{5B49B07E-2500-4E2C-881D-B5B8308EA0FE} = {5B49B07E-2500-4E2C-881D-B5B8308EA0FE}
	EndProjectSection
EndProject
Project("{8BC9CEB8-8B4A-11D0-8D11-00A0C91BC942}") = "NativeModule", "NativeModule\NativeModule.vcxproj", "{5B49B07E-2500-4E2C-881D-B5B8308EA0FE}"
EndProject
Project("{8BC9CEB8-8B4A-11D0-8D11-00A0C91BC942}") = "ManagedModule", "ManagedModule\ManagedModule.vcxproj", "{3F3420E4-E181-45C2-82AF-141BD427552B}"
EndProject
Global
	GlobalSection(SolutionConfigurationPlatforms) = preSolution
		Debug|Any CPU = Debug|Any CPU
		Debug|x64 = Debug|x64
		Debug|x86 = Debug|x86
		Release|Any CPU = Release|Any CPU
		Release|x64 = Release|x64
		Release|x86 = Release|x86
	EndGlobalSection
	GlobalSection(ProjectConfigurationPlatforms) = postSolution
		{2616F504-21D7-4CFB-8A14-84C5E2352272}.Debug|Any CPU.ActiveCfg = Debug|Any CPU
		{2616F504-21D7-4CFB-8A14-84C5E2352272}.Debug|Any CPU.Build.0 = Debug|Any CPU
		{2616F504-21D7-4CFB-8A14-84C5E2352272}.Debug|x64.ActiveCfg = Debug|Any CPU
		{2616F504-21D7-4CFB-8A14-84C5E2352272}.Debug|x64.Build.0 = Debug|Any CPU
		{2616F504-21D7-4CFB-8A14-84C5E2352272}.Debug|x86.ActiveCfg = Debug|Any CPU
		{2616F504-21D7-4CFB-8A14-84C5E2352272}.Debug|x86.Build.0 = Debug|Any CPU
		{2616F504-21D7-4CFB-8A14-84C5E2352272}.Release|Any CPU.ActiveCfg = Release|Any CPU
		{2616F504-21D7-4CFB-8A14-84C5E2352272}.Release|Any CPU.Build.0 = Release|Any CPU
		{2616F504-21D7-4CFB-8A14-84C5E2352272}.Release|x64.ActiveCfg = Release|Any CPU
		{2616F504-21D7-4CFB-8A14-84C5E2352272}.Release|x64.Build.0 = Release|Any CPU
		{2616F504-21D7-4CFB-8A14-84C5E2352272}.Release|x86.ActiveCfg = Release|Any CPU
		{2616F504-21D7-4CFB-8A14-84C5E2352272}.Release|x86.Build.0 = Release|Any CPU
		{5B49B07E-2500-4E2C-881D-B5B8308EA0FE}.Debug|Any CPU.ActiveCfg = Debug|Win32
		{5B49B07E-2500-4E2C-881D-B5B8308EA0FE}.Debug|x64.ActiveCfg = Debug|x64
		{5B49B07E-2500-4E2C-881D-B5B8308EA0FE}.Debug|x64.Build.0 = Debug|x64
		{5B49B07E-2500-4E2C-881D-B5B8308EA0FE}.Debug|x86.ActiveCfg = Debug|Win32
		{5B49B07E-2500-4E2C-881D-B5B8308EA0FE}.Debug|x86.Build.0 = Debug|Win32
		{5B49B07E-2500-4E2C-881D-B5B8308EA0FE}.Release|Any CPU.ActiveCfg = Release|Win32
		{5B49B07E-2500-4E2C-881D-B5B8308EA0FE}.Release|x64.ActiveCfg = Release|x64
		{5B49B07E-2500-4E2C-881D-B5B8308EA0FE}.Release|x64.Build.0 = Release|x64
		{5B49B07E-2500-4E2C-881D-B5B8308EA0FE}.Release|x86.ActiveCfg = Release|Win32
		{5B49B07E-2500-4E2C-881D-B5B8308EA0FE}.Release|x86.Build.0 = Release|Win32
		{3F3420E4-E181-45C2-82AF-141BD427552B}.Debug|Any CPU.ActiveCfg = Debug|Win32
		{3F3420E4-E181-45C2-82AF-141BD427552B}.Debug|x64.ActiveCfg = Debug|x64
		{3F3420E4-E181-45C2-82AF-141BD427552B}.Debug|x64.Build.0 = Debug|x64
		{3F3420E4-E181-45C2-82AF-141BD427552B}.Debug|x86.ActiveCfg = Debug|Win32
		{3F3420E4-E181-45C2-82AF-141BD427552B}.Debug|x86.Build.0 = Debug|Win32
		{3F3420E4-E181-45C2-82AF-141BD427552B}.Release|Any CPU.ActiveCfg = Release|Win32
		{3F3420E4-E181-45C2-82AF-141BD427552B}.Release|x64.ActiveCfg = Release|x64
		{3F3420E4-E181-45C2-82AF-141BD427552B}.Release|x64.Build.0 = Release|x64
		{3F3420E4-E181-45C2-82AF-141BD427552B}.Release|x86.ActiveCfg = Release|Win32
		{3F3420E4-E181-45C2-82AF-141BD427552B}.Release|x86.Build.0 = Release|Win32
	EndGlobalSection
	GlobalSection(SolutionProperties) = preSolution
		HideSolutionNode = FALSE
	EndGlobalSection
	GlobalSection(ExtensibilityGlobals) = postSolution
		SolutionGuid = {9CB36792-E21D-4400-951C-36FCF3638B65}
	EndGlobalSection
EndGlobal
